{
    "_readme": [
        "This file locks the dependencies of your project to a known state",
        "Read more about it at https://getcomposer.org/doc/01-basic-usage.md#installing-dependencies",
        "This file is @generated automatically"
    ],
    "content-hash": "27f80262e3faa8f8cbd498cbd68da88c",
    "packages": [
        {
            "name": "crell/attributeutils",
            "version": "1.3.0",
            "source": {
                "type": "git",
                "url": "https://github.com/Crell/AttributeUtils.git",
                "reference": "b89ad9cf419fa5ae3cd81880af15d0ba4a98aa8c"
            },
            "dist": {
                "type": "zip",
                "url": "https://api.github.com/repos/Crell/AttributeUtils/zipball/b89ad9cf419fa5ae3cd81880af15d0ba4a98aa8c",
                "reference": "b89ad9cf419fa5ae3cd81880af15d0ba4a98aa8c",
                "shasum": ""
            },
            "require": {
                "crell/fp": "~1.0.0",
                "php": "~8.1"
            },
            "require-dev": {
                "fig/cache-util": "^2.0",
                "phpbench/phpbench": "^1.2",
                "phpstan/phpstan": "~2",
                "phpunit/phpunit": "~10.5",
                "psr/cache": "^3.0"
            },
            "suggest": {
                "psr/cache": "Caching analyzer rests is recommended, and a bridge for psr/cache is included."
            },
            "type": "library",
            "extra": {
                "branch-alias": {
                    "dev-master": "1.0-dev"
                }
            },
            "autoload": {
                "psr-4": {
                    "Crell\\AttributeUtils\\": "src"
                }
            },
            "notification-url": "https://packagist.org/downloads/",
            "license": [
                "LGPL-3.0-or-later"
            ],
            "authors": [
                {
                    "name": "Larry Garfield",
                    "email": "larry@garfieldtech.com",
                    "homepage": "http://www.garfieldtech.com/",
                    "role": "Developer"
                }
            ],
            "description": "A robust, flexible attribute handling framework",
            "homepage": "https://github.com/Crell/AttributeUtils",
            "keywords": [
                "attributes",
                "reflection"
            ],
            "support": {
                "issues": "https://github.com/Crell/AttributeUtils/issues",
                "source": "https://github.com/Crell/AttributeUtils/tree/1.3.0"
            },
            "funding": [
                {
                    "url": "https://github.com/Crell",
                    "type": "github"
                }
            ],
            "time": "2025-07-14T16:51:30+00:00"
        },
        {
            "name": "crell/fp",
            "version": "1.0.0",
            "source": {
                "type": "git",
                "url": "https://github.com/Crell/fp.git",
                "reference": "796a1eaa3e2d841f93359f9ef64e45326b68af87"
            },
            "dist": {
                "type": "zip",
                "url": "https://api.github.com/repos/Crell/fp/zipball/796a1eaa3e2d841f93359f9ef64e45326b68af87",
                "reference": "796a1eaa3e2d841f93359f9ef64e45326b68af87",
                "shasum": ""
            },
            "require": {
                "php": "~8.1"
            },
            "require-dev": {
                "phpbench/phpbench": "^1.2",
                "phpstan/phpstan": "^1.10",
                "phpunit/phpunit": "~10.4"
            },
            "type": "library",
            "extra": {
                "branch-alias": {
                    "dev-master": "1.0-dev"
                }
            },
            "autoload": {
                "files": [
                    "src/array.php",
                    "src/composition.php",
                    "src/object.php",
                    "src/string.php"
                ],
                "psr-4": {
                    "Crell\\fp\\": "src"
                }
            },
            "notification-url": "https://packagist.org/downloads/",
            "license": [
                "LGPL-3.0-or-later"
            ],
            "authors": [
                {
                    "name": "Larry Garfield",
                    "email": "larry@garfieldtech.com",
                    "homepage": "http://www.garfieldtech.com/",
                    "role": "Developer"
                }
            ],
            "description": "Functional utilities for PHP 8 and later",
            "homepage": "https://github.com/Crell/fp",
            "keywords": [
                "array",
                "fp",
                "functional"
            ],
            "support": {
                "issues": "https://github.com/Crell/fp/issues",
                "source": "https://github.com/Crell/fp/tree/1.0.0"
            },
            "funding": [
                {
                    "url": "https://github.com/Crell",
                    "type": "github"
                }
            ],
            "time": "2023-10-28T20:06:08+00:00"
        },
        {
            "name": "crell/serde",
            "version": "1.5.0",
            "source": {
                "type": "git",
                "url": "https://github.com/Crell/Serde.git",
                "reference": "aefce5d7030d6ea76f86b67f029c35fcd1774ad0"
            },
            "dist": {
                "type": "zip",
                "url": "https://api.github.com/repos/Crell/Serde/zipball/aefce5d7030d6ea76f86b67f029c35fcd1774ad0",
                "reference": "aefce5d7030d6ea76f86b67f029c35fcd1774ad0",
                "shasum": ""
            },
            "require": {
                "crell/attributeutils": "~1.3",
                "crell/fp": "~1.0",
                "php": "~8.2"
            },
            "require-dev": {
                "devium/toml": "^1.0.5",
                "phpbench/phpbench": "^1.3.0",
                "phpstan/phpstan": "^2.1.17",
                "phpunit/phpunit": "~10.5",
                "symfony/yaml": "^5.4"
            },
            "suggest": {
                "devium/toml": "Enables serializing to/from TOML files.",
                "symfony/yaml": "Enables serializing to/from YAML files."
            },
            "type": "library",
            "extra": {
                "branch-alias": {
                    "dev-master": "1.0-dev"
                }
            },
            "autoload": {
                "psr-4": {
                    "Crell\\Serde\\": "src"
                }
            },
            "notification-url": "https://packagist.org/downloads/",
            "license": [
                "LGPL-3.0-or-later"
            ],
            "authors": [
                {
                    "name": "Larry Garfield",
                    "email": "larry@garfieldtech.com",
                    "homepage": "http://www.garfieldtech.com/",
                    "role": "Developer"
                }
            ],
            "description": "A general purpose serialization and deserialization library",
            "homepage": "https://github.com/Crell/Serde",
            "keywords": [
                "Serde",
                "database"
            ],
            "support": {
                "issues": "https://github.com/Crell/Serde/issues",
                "source": "https://github.com/Crell/Serde/tree/1.5.0"
            },
            "funding": [
                {
                    "url": "https://github.com/Crell",
                    "type": "github"
                }
            ],
            "time": "2025-07-15T15:56:00+00:00"
        },
        {
            "name": "spriebsch/domain-event",
            "version": "1.1.0",
            "source": {
                "type": "git",
                "url": "https://github.com/spriebsch/domain-event.git",
                "reference": "f4cf0a1a0c6833bbb7b68291ae59bdeb9dda71fb"
            },
            "dist": {
                "type": "zip",
                "url": "https://api.github.com/repos/spriebsch/domain-event/zipball/f4cf0a1a0c6833bbb7b68291ae59bdeb9dda71fb",
                "reference": "f4cf0a1a0c6833bbb7b68291ae59bdeb9dda71fb",
                "shasum": ""
            },
            "require": {
                "crell/serde": "*",
                "php": ">=8.4",
                "spriebsch/filesystem": "^1.0",
                "spriebsch/timestamp": "^1.1",
                "spriebsch/uuid": "^2.0"
            },
            "type": "library",
            "autoload": {
                "classmap": [
                    "src"
                ]
            },
            "notification-url": "https://packagist.org/downloads/",
            "license": [
                "BSD-3-Clause"
            ],
            "authors": [
                {
                    "name": "Stefan Priebsch",
                    "email": "stefan@priebsch.de",
                    "homepage": "https://priebsch.de"
                }
            ],
            "description": "The best way to work with Domain Events",
            "support": {
                "issues": "https://github.com/spriebsch/domain-event/issues",
                "source": "https://github.com/spriebsch/domain-event/tree/1.1.0"
            },
            "time": "2025-10-19T22:00:46+00:00"
        },
        {
            "name": "spriebsch/filesystem",
            "version": "1.0.7",
            "source": {
                "type": "git",
                "url": "https://github.com/spriebsch/filesystem.git",
                "reference": "c94acb00d9c22a53a6f32f9a91379c903451c8f4"
            },
            "dist": {
                "type": "zip",
                "url": "https://api.github.com/repos/spriebsch/filesystem/zipball/c94acb00d9c22a53a6f32f9a91379c903451c8f4",
                "reference": "c94acb00d9c22a53a6f32f9a91379c903451c8f4",
                "shasum": ""
            },
            "require": {
                "ext-sqlite3": "*",
                "php": "^8.3"
            },
            "type": "library",
            "autoload": {
                "classmap": [
                    "src"
                ]
            },
            "notification-url": "https://packagist.org/downloads/",
            "license": [
                "BSD-3-Clause"
            ],
            "authors": [
                {
                    "name": "Stefan Priebsch",
                    "email": "stefan@priebsch.de",
                    "homepage": "https://priebsch.de",
                    "role": "Developer"
                }
            ],
            "description": "Lightweight object-oriented API to the filesystem.",
            "support": {
                "issues": "https://github.com/spriebsch/filesystem/issues",
                "source": "https://github.com/spriebsch/filesystem/tree/1.0.7"
            },
            "time": "2025-04-10T17:27:39+00:00"
        },
        {
            "name": "spriebsch/sqlite",
            "version": "2.1.0",
            "source": {
                "type": "git",
                "url": "https://github.com/spriebsch/sqlite.git",
                "reference": "609f4bda497ef62b583f24f2aa1f65f9ee58a52d"
            },
            "dist": {
                "type": "zip",
                "url": "https://api.github.com/repos/spriebsch/sqlite/zipball/609f4bda497ef62b583f24f2aa1f65f9ee58a52d",
                "reference": "609f4bda497ef62b583f24f2aa1f65f9ee58a52d",
                "shasum": ""
            },
            "require": {
                "ext-sqlite3": "*",
                "php": "^8.3"
            },
            "type": "library",
            "autoload": {
                "classmap": [
                    "src"
                ]
            },
            "notification-url": "https://packagist.org/downloads/",
            "license": [
                "BSD-3-Clause"
            ],
            "authors": [
                {
                    "name": "Stefan Priebsch",
                    "email": "stefan@priebsch.de",
                    "homepage": "https://priebsch.de",
                    "role": "Developer"
                }
            ],
            "description": "Lightweight Sqlite wrapper with lazy connection and schema creation.",
            "support": {
                "issues": "https://github.com/spriebsch/sqlite/issues",
                "source": "https://github.com/spriebsch/sqlite/tree/2.1.0"
            },
            "time": "2025-11-02T12:53:33+00:00"
        },
        {
            "name": "spriebsch/timestamp",
            "version": "1.1.1",
            "source": {
                "type": "git",
                "url": "https://github.com/spriebsch/timestamp.git",
                "reference": "8eba43ac23dc443370c2651ce777942d8c0d7119"
            },
            "dist": {
                "type": "zip",
                "url": "https://api.github.com/repos/spriebsch/timestamp/zipball/8eba43ac23dc443370c2651ce777942d8c0d7119",
                "reference": "8eba43ac23dc443370c2651ce777942d8c0d7119",
                "shasum": ""
            },
            "require": {
                "php": "^8.3"
            },
            "type": "library",
            "autoload": {
                "classmap": [
                    "src"
                ]
            },
            "notification-url": "https://packagist.org/downloads/",
            "license": [
                "BSD-3-Clause"
            ],
            "authors": [
                {
                    "name": "Stefan Priebsch",
                    "email": "stefan@priebsch.de",
                    "homepage": "https://priebsch.de",
                    "role": "Developer"
                }
            ],
            "description": "A timestamp with microsecond granularity.",
            "support": {
                "issues": "https://github.com/spriebsch/timestamp/issues",
                "source": "https://github.com/spriebsch/timestamp/tree/1.1.1"
            },
            "time": "2025-04-10T17:22:26+00:00"
        },
        {
            "name": "spriebsch/uuid",
            "version": "2.0.0",
            "source": {
                "type": "git",
                "url": "https://github.com/spriebsch/UUID.git",
                "reference": "7dad6af3d70c42a0596e8cc40904a29b24c79fbb"
            },
            "dist": {
                "type": "zip",
                "url": "https://api.github.com/repos/spriebsch/UUID/zipball/7dad6af3d70c42a0596e8cc40904a29b24c79fbb",
                "reference": "7dad6af3d70c42a0596e8cc40904a29b24c79fbb",
                "shasum": ""
            },
            "require": {
                "php": "^8.3"
            },
            "type": "library",
            "autoload": {
                "classmap": [
                    "src"
                ]
            },
            "notification-url": "https://packagist.org/downloads/",
            "license": [
                "BSD-3-Clause"
            ],
            "authors": [
                {
                    "name": "Stefan Priebsch",
                    "email": "stefan@priebsch.de",
                    "homepage": "https://priebsch.de"
                }
            ],
            "description": "A fast and simple no-frills UUIDv4 implementation.",
            "support": {
                "issues": "https://github.com/spriebsch/UUID/issues",
                "source": "https://github.com/spriebsch/UUID/tree/2.0.0"
            },
            "time": "2025-10-02T12:02:35+00:00"
        }
    ],
    "packages-dev": [],
    "aliases": [],
    "minimum-stability": "stable",
    "stability-flags": {},
    "prefer-stable": false,
    "prefer-lowest": false,
    "platform": {
        "php": ">=8.4",
        "ext-sqlite3": "*"
    },
    "platform-dev": {},
    "plugin-api-version": "2.6.0"
}
